
Microsoft Visual Studio Solution File, Format Version 12.00
# Visual Studio Version 17
VisualStudioVersion = 17.0.31903.59
MinimumVisualStudioVersion = 10.0.40219.1
Project("{2150E333-8FDC-42A3-9474-1A3956D46DE8}") = "src", "src", "{827E0CD3-B72D-47B6-A68D-7590B98EB39B}"
EndProject
Project("{2150E333-8FDC-42A3-9474-1A3956D46DE8}") = "frontend", "frontend", "{42299874-777B-F2D0-9D08-D24097ABCE7E}"
EndProject
Project("{2150E333-8FDC-42A3-9474-1A3956D46DE8}") = "modules", "modules", "{EC447DCF-ABFA-6E24-52A5-D7FD48A5C558}"
EndProject
Project("{2150E333-8FDC-42A3-9474-1A3956D46DE8}") = "Content", "Content", "{D2F8383C-F49B-E551-32D9-8814458A6CFF}"
EndProject
Project("{2150E333-8FDC-42A3-9474-1A3956D46DE8}") = "Domain", "Domain", "{BCDA211B-1EB6-911B-FB88-A55575FFBD93}"
EndProject
Project("{FAE04EC0-301F-11D3-BF4B-00C04F79EFBC}") = "Coloring.Content.Domain", "src\modules\Content\Domain\Coloring.Content.Domain.csproj", "{402524CE-D33E-4F76-8E3E-C820A32F1698}"
EndProject
Project("{2150E333-8FDC-42A3-9474-1A3956D46DE8}") = "Application", "Application", "{E22F3C78-CC15-7E18-C01D-077D2ACA8AF8}"
EndProject
Project("{FAE04EC0-301F-11D3-BF4B-00C04F79EFBC}") = "Coloring.Content.Application", "src\modules\Content\Application\Coloring.Content.Application.csproj", "{A1511281-F292-4738-82FA-5E5D9C3C7BA1}"
EndProject
Project("{2150E333-8FDC-42A3-9474-1A3956D46DE8}") = "Infrastructure", "Infrastructure", "{FB716D20-44F9-6E43-0515-728C4493BF8D}"
EndProject
Project("{FAE04EC0-301F-11D3-BF4B-00C04F79EFBC}") = "Coloring.Content.Infrastructure", "src\modules\Content\Infrastructure\Coloring.Content.Infrastructure.csproj", "{007D61DD-5155-49B0-A456-6A6B416CDFF7}"
EndProject
Project("{2150E333-8FDC-42A3-9474-1A3956D46DE8}") = "Api", "Api", "{B710EC67-84B6-307B-E7D2-A4B492D030D2}"
EndProject
Project("{FAE04EC0-301F-11D3-BF4B-00C04F79EFBC}") = "Coloring.Content.Api", "src\modules\Content\Api\Coloring.Content.Api.csproj", "{F5D51DA8-7DBB-424B-99E6-1D07AC0393C0}"
EndProject
Project("{2150E333-8FDC-42A3-9474-1A3956D46DE8}") = "Canvas", "Canvas", "{C3325F5A-FDB2-2579-C869-89BB35F2A189}"
EndProject
Project("{2150E333-8FDC-42A3-9474-1A3956D46DE8}") = "Domain", "Domain", "{0D0CED44-DF1A-13A8-2AE0-7D8B7A963052}"
EndProject
Project("{FAE04EC0-301F-11D3-BF4B-00C04F79EFBC}") = "Coloring.Canvas.Domain", "src\modules\Canvas\Domain\Coloring.Canvas.Domain.csproj", "{5BEE2221-7E35-4E01-8589-DBC7B0825891}"
EndProject
Project("{2150E333-8FDC-42A3-9474-1A3956D46DE8}") = "Application", "Application", "{1F1DBFE8-89F0-F972-BB1F-48960B076D02}"
EndProject
Project("{FAE04EC0-301F-11D3-BF4B-00C04F79EFBC}") = "Coloring.Canvas.Application", "src\modules\Canvas\Application\Coloring.Canvas.Application.csproj", "{CB28C828-2D25-4D62-840A-63598B846E20}"
EndProject
Project("{2150E333-8FDC-42A3-9474-1A3956D46DE8}") = "Infrastructure", "Infrastructure", "{B95D4163-48DB-7C75-43BB-BCA873009519}"
EndProject
Project("{FAE04EC0-301F-11D3-BF4B-00C04F79EFBC}") = "Coloring.Canvas.Infrastructure", "src\modules\Canvas\Infrastructure\Coloring.Canvas.Infrastructure.csproj", "{4F3051C6-5720-45E9-9A26-754E680DC6A2}"
EndProject
Project("{2150E333-8FDC-42A3-9474-1A3956D46DE8}") = "Api", "Api", "{E6702FF8-12E1-F1A9-69AC-001133D62591}"
EndProject
Project("{FAE04EC0-301F-11D3-BF4B-00C04F79EFBC}") = "Coloring.Canvas.Api", "src\modules\Canvas\Api\Coloring.Canvas.Api.csproj", "{761FC39F-ECA4-428A-A7E7-BD61053FC9A1}"
EndProject
Project("{2150E333-8FDC-42A3-9474-1A3956D46DE8}") = "Identity", "Identity", "{0EC62A1A-9858-3A60-8A0C-FC9AACFA2EC7}"
EndProject
Project("{2150E333-8FDC-42A3-9474-1A3956D46DE8}") = "Domain", "Domain", "{4D5DCD5F-56A9-CDDD-B2B1-3C00DD2DF930}"
EndProject
Project("{FAE04EC0-301F-11D3-BF4B-00C04F79EFBC}") = "Coloring.Identity.Domain", "src\modules\Identity\Domain\Coloring.Identity.Domain.csproj", "{47F0E001-EF03-4634-8373-46FCEB3588B4}"
EndProject
Project("{2150E333-8FDC-42A3-9474-1A3956D46DE8}") = "Application", "Application", "{0DE85A42-5AB0-179C-733E-58510D3B8784}"
EndProject
Project("{FAE04EC0-301F-11D3-BF4B-00C04F79EFBC}") = "Coloring.Identity.Application", "src\modules\Identity\Application\Coloring.Identity.Application.csproj", "{A45C74F1-01FD-426A-94F6-D649135820D4}"
EndProject
Project("{2150E333-8FDC-42A3-9474-1A3956D46DE8}") = "Infrastructure", "Infrastructure", "{4780257D-0BA4-5E80-C62C-815EC08EBD56}"
EndProject
Project("{FAE04EC0-301F-11D3-BF4B-00C04F79EFBC}") = "Coloring.Identity.Infrastructure", "src\modules\Identity\Infrastructure\Coloring.Identity.Infrastructure.csproj", "{E74E8141-00D5-44B9-B6C1-87B2A3DF5A19}"
EndProject
Project("{2150E333-8FDC-42A3-9474-1A3956D46DE8}") = "Api", "Api", "{72D4D0F4-6E83-931B-2493-A2C773F0B32E}"
EndProject
Project("{FAE04EC0-301F-11D3-BF4B-00C04F79EFBC}") = "Coloring.Identity.Api", "src\modules\Identity\Api\Coloring.Identity.Api.csproj", "{F3A6A514-7C1B-485F-9780-E742B2AB00D1}"
EndProject
Project("{2150E333-8FDC-42A3-9474-1A3956D46DE8}") = "UserProgress", "UserProgress", "{3DBD109F-24A3-6C71-0977-DDB242D99828}"
EndProject
Project("{2150E333-8FDC-42A3-9474-1A3956D46DE8}") = "Domain", "Domain", "{CA962239-9CF5-BCCD-A234-1B75EB07B62A}"
EndProject
Project("{FAE04EC0-301F-11D3-BF4B-00C04F79EFBC}") = "Coloring.UserProgress.Domain", "src\modules\UserProgress\Domain\Coloring.UserProgress.Domain.csproj", "{282A8D5E-0F19-4D9F-8797-D2AB23855BBF}"
EndProject
Project("{2150E333-8FDC-42A3-9474-1A3956D46DE8}") = "Application", "Application", "{5DB10976-DE23-49AE-4970-20FDF62976C4}"
EndProject
Project("{FAE04EC0-301F-11D3-BF4B-00C04F79EFBC}") = "Coloring.UserProgress.Application", "src\modules\UserProgress\Application\Coloring.UserProgress.Application.csproj", "{03DE66DA-BA9D-4F78-909E-C27DAD87B1F8}"
EndProject
Project("{2150E333-8FDC-42A3-9474-1A3956D46DE8}") = "Infrastructure", "Infrastructure", "{0DB5CAFA-9E96-9AB3-FB04-8B46F48DD005}"
EndProject
Project("{FAE04EC0-301F-11D3-BF4B-00C04F79EFBC}") = "Coloring.UserProgress.Infrastructure", "src\modules\UserProgress\Infrastructure\Coloring.UserProgress.Infrastructure.csproj", "{39104A89-B179-4CE8-9315-CA96804070E4}"
EndProject
Project("{2150E333-8FDC-42A3-9474-1A3956D46DE8}") = "Api", "Api", "{69DF92C0-C565-10EB-B844-300AACC8F5F0}"
EndProject
Project("{FAE04EC0-301F-11D3-BF4B-00C04F79EFBC}") = "Coloring.UserProgress.Api", "src\modules\UserProgress\Api\Coloring.UserProgress.Api.csproj", "{8DC38388-C9D9-4C69-B13D-27A8C85842C6}"
EndProject
Project("{2150E333-8FDC-42A3-9474-1A3956D46DE8}") = "Payment", "Payment", "{486050DE-C6A4-B1E8-2B12-E91E5BE99E3F}"
EndProject
Project("{2150E333-8FDC-42A3-9474-1A3956D46DE8}") = "Domain", "Domain", "{0483F668-C073-C1F4-BE6E-FDEBE354F274}"
EndProject
Project("{FAE04EC0-301F-11D3-BF4B-00C04F79EFBC}") = "Coloring.Payment.Domain", "src\modules\Payment\Domain\Coloring.Payment.Domain.csproj", "{7BD9EFAB-C14B-4937-A4D2-73EE16E5F1F9}"
EndProject
Project("{2150E333-8FDC-42A3-9474-1A3956D46DE8}") = "Application", "Application", "{8DEC5963-CE2B-A7C9-BB65-BB3D8C6A7275}"
EndProject
Project("{FAE04EC0-301F-11D3-BF4B-00C04F79EFBC}") = "Coloring.Payment.Application", "src\modules\Payment\Application\Coloring.Payment.Application.csproj", "{4F511A6A-25C0-435C-B906-1C6713420A5A}"
EndProject
Project("{2150E333-8FDC-42A3-9474-1A3956D46DE8}") = "Infrastructure", "Infrastructure", "{916D2499-3562-0327-EA3C-426E025D72E1}"
EndProject
Project("{FAE04EC0-301F-11D3-BF4B-00C04F79EFBC}") = "Coloring.Payment.Infrastructure", "src\modules\Payment\Infrastructure\Coloring.Payment.Infrastructure.csproj", "{BD83CCC8-33CE-49ED-99AF-316D624AB274}"
EndProject
Project("{2150E333-8FDC-42A3-9474-1A3956D46DE8}") = "Api", "Api", "{F50370A3-A47A-DC98-C13E-D5E80D3AB44A}"
EndProject
Project("{FAE04EC0-301F-11D3-BF4B-00C04F79EFBC}") = "Coloring.Payment.Api", "src\modules\Payment\Api\Coloring.Payment.Api.csproj", "{20C9AA07-75E7-4ECE-8117-314180D62894}"
EndProject
Project("{2150E333-8FDC-42A3-9474-1A3956D46DE8}") = "Media", "Media", "{ABB153F5-497E-25E7-E918-29ED4C71B6E5}"
EndProject
Project("{2150E333-8FDC-42A3-9474-1A3956D46DE8}") = "Domain", "Domain", "{1E0BB5E0-55B2-37CC-B3F1-B86FCD74736F}"
EndProject
Project("{FAE04EC0-301F-11D3-BF4B-00C04F79EFBC}") = "Coloring.Media.Domain", "src\modules\Media\Domain\Coloring.Media.Domain.csproj", "{2C04475C-B7AB-4201-A33E-56E3DDE98939}"
EndProject
Project("{2150E333-8FDC-42A3-9474-1A3956D46DE8}") = "Application", "Application", "{31F1C2B0-DE92-D6F4-927B-C2B0CA5DEECB}"
EndProject
Project("{FAE04EC0-301F-11D3-BF4B-00C04F79EFBC}") = "Coloring.Media.Application", "src\modules\Media\Application\Coloring.Media.Application.csproj", "{8F86C9D5-1B30-482B-AFC9-C2B276AA5082}"
EndProject
Project("{2150E333-8FDC-42A3-9474-1A3956D46DE8}") = "Infrastructure", "Infrastructure", "{6AAB849D-F7AD-FA16-9036-27D44EDBE9DC}"
EndProject
Project("{FAE04EC0-301F-11D3-BF4B-00C04F79EFBC}") = "Coloring.Media.Infrastructure", "src\modules\Media\Infrastructure\Coloring.Media.Infrastructure.csproj", "{5FBE52D7-D4C8-4A8E-A970-7EBA780AB3FF}"
EndProject
Project("{2150E333-8FDC-42A3-9474-1A3956D46DE8}") = "Api", "Api", "{3601E25E-9ECC-2A8D-20F3-657565EE1A6D}"
EndProject
Project("{FAE04EC0-301F-11D3-BF4B-00C04F79EFBC}") = "Coloring.Media.Api", "src\modules\Media\Api\Coloring.Media.Api.csproj", "{C569C6B9-85F8-4B69-A68F-614DDDB09075}"
EndProject
Project("{2150E333-8FDC-42A3-9474-1A3956D46DE8}") = "core", "core", "{8D626EA8-CB54-BC41-363A-217881BEBA6E}"
EndProject
Project("{FAE04EC0-301F-11D3-BF4B-00C04F79EFBC}") = "Coloring.Core", "src\core\Coloring.Core.csproj", "{75CDB017-CDA6-4F43-8086-007A76D0644E}"
EndProject
Project("{2150E333-8FDC-42A3-9474-1A3956D46DE8}") = "shared", "shared", "{C8E42992-5E42-0C2B-DBFE-AA848D06431C}"
EndProject
Project("{FAE04EC0-301F-11D3-BF4B-00C04F79EFBC}") = "Coloring.Shared", "src\shared\Coloring.Shared.csproj", "{BEC9A931-0A80-43D2-997C-751F75A6BA16}"
EndProject
Project("{2150E333-8FDC-42A3-9474-1A3956D46DE8}") = "tests", "tests", "{0AB3BF05-4346-4AA6-1389-037BE0695223}"
EndProject
Project("{2150E333-8FDC-42A3-9474-1A3956D46DE8}") = "Content.UnitTests", "Content.UnitTests", "{B294B95A-4BF7-AB1D-38FE-489BDDF5E5AC}"
EndProject
Project("{FAE04EC0-301F-11D3-BF4B-00C04F79EFBC}") = "Coloring.Content.UnitTests", "tests\Content.UnitTests\Coloring.Content.UnitTests.csproj", "{9FEBAC1E-E28F-46EE-A078-B5ADD31CEB9E}"
EndProject
Project("{2150E333-8FDC-42A3-9474-1A3956D46DE8}") = "Canvas.UnitTests", "Canvas.UnitTests", "{214906A8-E800-C2F0-10CE-69164ED69D39}"
EndProject
Project("{FAE04EC0-301F-11D3-BF4B-00C04F79EFBC}") = "Coloring.Canvas.UnitTests", "tests\Canvas.UnitTests\Coloring.Canvas.UnitTests.csproj", "{8F7A2D6D-7C9B-445A-98EF-B0AD28AA1986}"
EndProject
Project("{2150E333-8FDC-42A3-9474-1A3956D46DE8}") = "Identity.UnitTests", "Identity.UnitTests", "{986B063D-7775-A42A-2E5B-090CD02AB8EA}"
EndProject
Project("{FAE04EC0-301F-11D3-BF4B-00C04F79EFBC}") = "Coloring.Identity.UnitTests", "tests\Identity.UnitTests\Coloring.Identity.UnitTests.csproj", "{40DED0B1-34F0-4254-8BEA-08A8DA261711}"
EndProject
Project("{FAE04EC0-301F-11D3-BF4B-00C04F79EFBC}") = "Coloring.WebApp2", "Coloring.WebApp2\Coloring.WebApp2\Coloring.WebApp2.csproj", "{DE41C45E-6C7C-480C-8696-95F2F781B1F3}"
EndProject
Project("{FAE04EC0-301F-11D3-BF4B-00C04F79EFBC}") = "Coloring.WebApp2.Client", "Coloring.WebApp2\Coloring.WebApp2.Client\Coloring.WebApp2.Client.csproj", "{A49AAA9E-C7D3-45CB-B22B-2539F047912E}"
EndProject
Project("{FAE04EC0-301F-11D3-BF4B-00C04F79EFBC}") = "Coloring.WebApp3", "Coloring.WebApp3\Coloring.WebApp3\Coloring.WebApp3.csproj", "{3246F1BC-A1AF-4418-BA2E-4F9204F87B61}"
EndProject
Project("{FAE04EC0-301F-11D3-BF4B-00C04F79EFBC}") = "Coloring.WebApp3.Client", "Coloring.WebApp3\Coloring.WebApp3.Client\Coloring.WebApp3.Client.csproj", "{E2279918-7A4F-4235-BF85-D46CA8BF69FE}"
EndProject
Global
	GlobalSection(SolutionConfigurationPlatforms) = preSolution
		Debug|Any CPU = Debug|Any CPU
		Debug|x64 = Debug|x64
		Debug|x86 = Debug|x86
		Release|Any CPU = Release|Any CPU
		Release|x64 = Release|x64
		Release|x86 = Release|x86
	EndGlobalSection
	GlobalSection(ProjectConfigurationPlatforms) = postSolution
		{402524CE-D33E-4F76-8E3E-C820A32F1698}.Debug|Any CPU.ActiveCfg = Debug|Any CPU
		{402524CE-D33E-4F76-8E3E-C820A32F1698}.Debug|Any CPU.Build.0 = Debug|Any CPU
		{402524CE-D33E-4F76-8E3E-C820A32F1698}.Debug|x64.ActiveCfg = Debug|Any CPU
		{402524CE-D33E-4F76-8E3E-C820A32F1698}.Debug|x64.Build.0 = Debug|Any CPU
		{402524CE-D33E-4F76-8E3E-C820A32F1698}.Debug|x86.ActiveCfg = Debug|Any CPU
		{402524CE-D33E-4F76-8E3E-C820A32F1698}.Debug|x86.Build.0 = Debug|Any CPU
		{402524CE-D33E-4F76-8E3E-C820A32F1698}.Release|Any CPU.ActiveCfg = Release|Any CPU
		{402524CE-D33E-4F76-8E3E-C820A32F1698}.Release|Any CPU.Build.0 = Release|Any CPU
		{402524CE-D33E-4F76-8E3E-C820A32F1698}.Release|x64.ActiveCfg = Release|Any CPU
		{402524CE-D33E-4F76-8E3E-C820A32F1698}.Release|x64.Build.0 = Release|Any CPU
		{402524CE-D33E-4F76-8E3E-C820A32F1698}.Release|x86.ActiveCfg = Release|Any CPU
		{402524CE-D33E-4F76-8E3E-C820A32F1698}.Release|x86.Build.0 = Release|Any CPU
		{A1511281-F292-4738-82FA-5E5D9C3C7BA1}.Debug|Any CPU.ActiveCfg = Debug|Any CPU
		{A1511281-F292-4738-82FA-5E5D9C3C7BA1}.Debug|Any CPU.Build.0 = Debug|Any CPU
		{A1511281-F292-4738-82FA-5E5D9C3C7BA1}.Debug|x64.ActiveCfg = Debug|Any CPU
		{A1511281-F292-4738-82FA-5E5D9C3C7BA1}.Debug|x64.Build.0 = Debug|Any CPU
		{A1511281-F292-4738-82FA-5E5D9C3C7BA1}.Debug|x86.ActiveCfg = Debug|Any CPU
		{A1511281-F292-4738-82FA-5E5D9C3C7BA1}.Debug|x86.Build.0 = Debug|Any CPU
		{A1511281-F292-4738-82FA-5E5D9C3C7BA1}.Release|Any CPU.ActiveCfg = Release|Any CPU
		{A1511281-F292-4738-82FA-5E5D9C3C7BA1}.Release|Any CPU.Build.0 = Release|Any CPU
		{A1511281-F292-4738-82FA-5E5D9C3C7BA1}.Release|x64.ActiveCfg = Release|Any CPU
		{A1511281-F292-4738-82FA-5E5D9C3C7BA1}.Release|x64.Build.0 = Release|Any CPU
		{A1511281-F292-4738-82FA-5E5D9C3C7BA1}.Release|x86.ActiveCfg = Release|Any CPU
		{A1511281-F292-4738-82FA-5E5D9C3C7BA1}.Release|x86.Build.0 = Release|Any CPU
		{007D61DD-5155-49B0-A456-6A6B416CDFF7}.Debug|Any CPU.ActiveCfg = Debug|Any CPU
		{007D61DD-5155-49B0-A456-6A6B416CDFF7}.Debug|Any CPU.Build.0 = Debug|Any CPU
		{007D61DD-5155-49B0-A456-6A6B416CDFF7}.Debug|x64.ActiveCfg = Debug|Any CPU
		{007D61DD-5155-49B0-A456-6A6B416CDFF7}.Debug|x64.Build.0 = Debug|Any CPU
		{007D61DD-5155-49B0-A456-6A6B416CDFF7}.Debug|x86.ActiveCfg = Debug|Any CPU
		{007D61DD-5155-49B0-A456-6A6B416CDFF7}.Debug|x86.Build.0 = Debug|Any CPU
		{007D61DD-5155-49B0-A456-6A6B416CDFF7}.Release|Any CPU.ActiveCfg = Release|Any CPU
		{007D61DD-5155-49B0-A456-6A6B416CDFF7}.Release|Any CPU.Build.0 = Release|Any CPU
		{007D61DD-5155-49B0-A456-6A6B416CDFF7}.Release|x64.ActiveCfg = Release|Any CPU
		{007D61DD-5155-49B0-A456-6A6B416CDFF7}.Release|x64.Build.0 = Release|Any CPU
		{007D61DD-5155-49B0-A456-6A6B416CDFF7}.Release|x86.ActiveCfg = Release|Any CPU
		{007D61DD-5155-49B0-A456-6A6B416CDFF7}.Release|x86.Build.0 = Release|Any CPU
		{F5D51DA8-7DBB-424B-99E6-1D07AC0393C0}.Debug|Any CPU.ActiveCfg = Debug|Any CPU
		{F5D51DA8-7DBB-424B-99E6-1D07AC0393C0}.Debug|Any CPU.Build.0 = Debug|Any CPU
		{F5D51DA8-7DBB-424B-99E6-1D07AC0393C0}.Debug|x64.ActiveCfg = Debug|Any CPU
		{F5D51DA8-7DBB-424B-99E6-1D07AC0393C0}.Debug|x64.Build.0 = Debug|Any CPU
		{F5D51DA8-7DBB-424B-99E6-1D07AC0393C0}.Debug|x86.ActiveCfg = Debug|Any CPU
		{F5D51DA8-7DBB-424B-99E6-1D07AC0393C0}.Debug|x86.Build.0 = Debug|Any CPU
		{F5D51DA8-7DBB-424B-99E6-1D07AC0393C0}.Release|Any CPU.ActiveCfg = Release|Any CPU
		{F5D51DA8-7DBB-424B-99E6-1D07AC0393C0}.Release|Any CPU.Build.0 = Release|Any CPU
		{F5D51DA8-7DBB-424B-99E6-1D07AC0393C0}.Release|x64.ActiveCfg = Release|Any CPU
		{F5D51DA8-7DBB-424B-99E6-1D07AC0393C0}.Release|x64.Build.0 = Release|Any CPU
		{F5D51DA8-7DBB-424B-99E6-1D07AC0393C0}.Release|x86.ActiveCfg = Release|Any CPU
		{F5D51DA8-7DBB-424B-99E6-1D07AC0393C0}.Release|x86.Build.0 = Release|Any CPU
		{5BEE2221-7E35-4E01-8589-DBC7B0825891}.Debug|Any CPU.ActiveCfg = Debug|Any CPU
		{5BEE2221-7E35-4E01-8589-DBC7B0825891}.Debug|Any CPU.Build.0 = Debug|Any CPU
		{5BEE2221-7E35-4E01-8589-DBC7B0825891}.Debug|x64.ActiveCfg = Debug|Any CPU
		{5BEE2221-7E35-4E01-8589-DBC7B0825891}.Debug|x64.Build.0 = Debug|Any CPU
		{5BEE2221-7E35-4E01-8589-DBC7B0825891}.Debug|x86.ActiveCfg = Debug|Any CPU
		{5BEE2221-7E35-4E01-8589-DBC7B0825891}.Debug|x86.Build.0 = Debug|Any CPU
		{5BEE2221-7E35-4E01-8589-DBC7B0825891}.Release|Any CPU.ActiveCfg = Release|Any CPU
		{5BEE2221-7E35-4E01-8589-DBC7B0825891}.Release|Any CPU.Build.0 = Release|Any CPU
		{5BEE2221-7E35-4E01-8589-DBC7B0825891}.Release|x64.ActiveCfg = Release|Any CPU
		{5BEE2221-7E35-4E01-8589-DBC7B0825891}.Release|x64.Build.0 = Release|Any CPU
		{5BEE2221-7E35-4E01-8589-DBC7B0825891}.Release|x86.ActiveCfg = Release|Any CPU
		{5BEE2221-7E35-4E01-8589-DBC7B0825891}.Release|x86.Build.0 = Release|Any CPU
		{CB28C828-2D25-4D62-840A-63598B846E20}.Debug|Any CPU.ActiveCfg = Debug|Any CPU
		{CB28C828-2D25-4D62-840A-63598B846E20}.Debug|Any CPU.Build.0 = Debug|Any CPU
		{CB28C828-2D25-4D62-840A-63598B846E20}.Debug|x64.ActiveCfg = Debug|Any CPU
		{CB28C828-2D25-4D62-840A-63598B846E20}.Debug|x64.Build.0 = Debug|Any CPU
		{CB28C828-2D25-4D62-840A-63598B846E20}.Debug|x86.ActiveCfg = Debug|Any CPU
		{CB28C828-2D25-4D62-840A-63598B846E20}.Debug|x86.Build.0 = Debug|Any CPU
		{CB28C828-2D25-4D62-840A-63598B846E20}.Release|Any CPU.ActiveCfg = Release|Any CPU
		{CB28C828-2D25-4D62-840A-63598B846E20}.Release|Any CPU.Build.0 = Release|Any CPU
		{CB28C828-2D25-4D62-840A-63598B846E20}.Release|x64.ActiveCfg = Release|Any CPU
		{CB28C828-2D25-4D62-840A-63598B846E20}.Release|x64.Build.0 = Release|Any CPU
		{CB28C828-2D25-4D62-840A-63598B846E20}.Release|x86.ActiveCfg = Release|Any CPU
		{CB28C828-2D25-4D62-840A-63598B846E20}.Release|x86.Build.0 = Release|Any CPU
		{4F3051C6-5720-45E9-9A26-754E680DC6A2}.Debug|Any CPU.ActiveCfg = Debug|Any CPU
		{4F3051C6-5720-45E9-9A26-754E680DC6A2}.Debug|Any CPU.Build.0 = Debug|Any CPU
		{4F3051C6-5720-45E9-9A26-754E680DC6A2}.Debug|x64.ActiveCfg = Debug|Any CPU
		{4F3051C6-5720-45E9-9A26-754E680DC6A2}.Debug|x64.Build.0 = Debug|Any CPU
		{4F3051C6-5720-45E9-9A26-754E680DC6A2}.Debug|x86.ActiveCfg = Debug|Any CPU
		{4F3051C6-5720-45E9-9A26-754E680DC6A2}.Debug|x86.Build.0 = Debug|Any CPU
		{4F3051C6-5720-45E9-9A26-754E680DC6A2}.Release|Any CPU.ActiveCfg = Release|Any CPU
		{4F3051C6-5720-45E9-9A26-754E680DC6A2}.Release|Any CPU.Build.0 = Release|Any CPU
		{4F3051C6-5720-45E9-9A26-754E680DC6A2}.Release|x64.ActiveCfg = Release|Any CPU
		{4F3051C6-5720-45E9-9A26-754E680DC6A2}.Release|x64.Build.0 = Release|Any CPU
		{4F3051C6-5720-45E9-9A26-754E680DC6A2}.Release|x86.ActiveCfg = Release|Any CPU
		{4F3051C6-5720-45E9-9A26-754E680DC6A2}.Release|x86.Build.0 = Release|Any CPU
		{761FC39F-ECA4-428A-A7E7-BD61053FC9A1}.Debug|Any CPU.ActiveCfg = Debug|Any CPU
		{761FC39F-ECA4-428A-A7E7-BD61053FC9A1}.Debug|Any CPU.Build.0 = Debug|Any CPU
		{761FC39F-ECA4-428A-A7E7-BD61053FC9A1}.Debug|x64.ActiveCfg = Debug|Any CPU
		{761FC39F-ECA4-428A-A7E7-BD61053FC9A1}.Debug|x64.Build.0 = Debug|Any CPU
		{761FC39F-ECA4-428A-A7E7-BD61053FC9A1}.Debug|x86.ActiveCfg = Debug|Any CPU
		{761FC39F-ECA4-428A-A7E7-BD61053FC9A1}.Debug|x86.Build.0 = Debug|Any CPU
		{761FC39F-ECA4-428A-A7E7-BD61053FC9A1}.Release|Any CPU.ActiveCfg = Release|Any CPU
		{761FC39F-ECA4-428A-A7E7-BD61053FC9A1}.Release|Any CPU.Build.0 = Release|Any CPU
		{761FC39F-ECA4-428A-A7E7-BD61053FC9A1}.Release|x64.ActiveCfg = Release|Any CPU
		{761FC39F-ECA4-428A-A7E7-BD61053FC9A1}.Release|x64.Build.0 = Release|Any CPU
		{761FC39F-ECA4-428A-A7E7-BD61053FC9A1}.Release|x86.ActiveCfg = Release|Any CPU
		{761FC39F-ECA4-428A-A7E7-BD61053FC9A1}.Release|x86.Build.0 = Release|Any CPU
		{47F0E001-EF03-4634-8373-46FCEB3588B4}.Debug|Any CPU.ActiveCfg = Debug|Any CPU
		{47F0E001-EF03-4634-8373-46FCEB3588B4}.Debug|Any CPU.Build.0 = Debug|Any CPU
		{47F0E001-EF03-4634-8373-46FCEB3588B4}.Debug|x64.ActiveCfg = Debug|Any CPU
		{47F0E001-EF03-4634-8373-46FCEB3588B4}.Debug|x64.Build.0 = Debug|Any CPU
		{47F0E001-EF03-4634-8373-46FCEB3588B4}.Debug|x86.ActiveCfg = Debug|Any CPU
		{47F0E001-EF03-4634-8373-46FCEB3588B4}.Debug|x86.Build.0 = Debug|Any CPU
		{47F0E001-EF03-4634-8373-46FCEB3588B4}.Release|Any CPU.ActiveCfg = Release|Any CPU
		{47F0E001-EF03-4634-8373-46FCEB3588B4}.Release|Any CPU.Build.0 = Release|Any CPU
		{47F0E001-EF03-4634-8373-46FCEB3588B4}.Release|x64.ActiveCfg = Release|Any CPU
		{47F0E001-EF03-4634-8373-46FCEB3588B4}.Release|x64.Build.0 = Release|Any CPU
		{47F0E001-EF03-4634-8373-46FCEB3588B4}.Release|x86.ActiveCfg = Release|Any CPU
		{47F0E001-EF03-4634-8373-46FCEB3588B4}.Release|x86.Build.0 = Release|Any CPU
		{A45C74F1-01FD-426A-94F6-D649135820D4}.Debug|Any CPU.ActiveCfg = Debug|Any CPU
		{A45C74F1-01FD-426A-94F6-D649135820D4}.Debug|Any CPU.Build.0 = Debug|Any CPU
		{A45C74F1-01FD-426A-94F6-D649135820D4}.Debug|x64.ActiveCfg = Debug|Any CPU
		{A45C74F1-01FD-426A-94F6-D649135820D4}.Debug|x64.Build.0 = Debug|Any CPU
		{A45C74F1-01FD-426A-94F6-D649135820D4}.Debug|x86.ActiveCfg = Debug|Any CPU
		{A45C74F1-01FD-426A-94F6-D649135820D4}.Debug|x86.Build.0 = Debug|Any CPU
		{A45C74F1-01FD-426A-94F6-D649135820D4}.Release|Any CPU.ActiveCfg = Release|Any CPU
		{A45C74F1-01FD-426A-94F6-D649135820D4}.Release|Any CPU.Build.0 = Release|Any CPU
		{A45C74F1-01FD-426A-94F6-D649135820D4}.Release|x64.ActiveCfg = Release|Any CPU
		{A45C74F1-01FD-426A-94F6-D649135820D4}.Release|x64.Build.0 = Release|Any CPU
		{A45C74F1-01FD-426A-94F6-D649135820D4}.Release|x86.ActiveCfg = Release|Any CPU
		{A45C74F1-01FD-426A-94F6-D649135820D4}.Release|x86.Build.0 = Release|Any CPU
		{E74E8141-00D5-44B9-B6C1-87B2A3DF5A19}.Debug|Any CPU.ActiveCfg = Debug|Any CPU
		{E74E8141-00D5-44B9-B6C1-87B2A3DF5A19}.Debug|Any CPU.Build.0 = Debug|Any CPU
		{E74E8141-00D5-44B9-B6C1-87B2A3DF5A19}.Debug|x64.ActiveCfg = Debug|Any CPU
		{E74E8141-00D5-44B9-B6C1-87B2A3DF5A19}.Debug|x64.Build.0 = Debug|Any CPU
		{E74E8141-00D5-44B9-B6C1-87B2A3DF5A19}.Debug|x86.ActiveCfg = Debug|Any CPU
		{E74E8141-00D5-44B9-B6C1-87B2A3DF5A19}.Debug|x86.Build.0 = Debug|Any CPU
		{E74E8141-00D5-44B9-B6C1-87B2A3DF5A19}.Release|Any CPU.ActiveCfg = Release|Any CPU
		{E74E8141-00D5-44B9-B6C1-87B2A3DF5A19}.Release|Any CPU.Build.0 = Release|Any CPU
		{E74E8141-00D5-44B9-B6C1-87B2A3DF5A19}.Release|x64.ActiveCfg = Release|Any CPU
		{E74E8141-00D5-44B9-B6C1-87B2A3DF5A19}.Release|x64.Build.0 = Release|Any CPU
		{E74E8141-00D5-44B9-B6C1-87B2A3DF5A19}.Release|x86.ActiveCfg = Release|Any CPU
		{E74E8141-00D5-44B9-B6C1-87B2A3DF5A19}.Release|x86.Build.0 = Release|Any CPU
		{F3A6A514-7C1B-485F-9780-E742B2AB00D1}.Debug|Any CPU.ActiveCfg = Debug|Any CPU
		{F3A6A514-7C1B-485F-9780-E742B2AB00D1}.Debug|Any CPU.Build.0 = Debug|Any CPU
		{F3A6A514-7C1B-485F-9780-E742B2AB00D1}.Debug|x64.ActiveCfg = Debug|Any CPU
		{F3A6A514-7C1B-485F-9780-E742B2AB00D1}.Debug|x64.Build.0 = Debug|Any CPU
		{F3A6A514-7C1B-485F-9780-E742B2AB00D1}.Debug|x86.ActiveCfg = Debug|Any CPU
		{F3A6A514-7C1B-485F-9780-E742B2AB00D1}.Debug|x86.Build.0 = Debug|Any CPU
		{F3A6A514-7C1B-485F-9780-E742B2AB00D1}.Release|Any CPU.ActiveCfg = Release|Any CPU
		{F3A6A514-7C1B-485F-9780-E742B2AB00D1}.Release|Any CPU.Build.0 = Release|Any CPU
		{F3A6A514-7C1B-485F-9780-E742B2AB00D1}.Release|x64.ActiveCfg = Release|Any CPU
		{F3A6A514-7C1B-485F-9780-E742B2AB00D1}.Release|x64.Build.0 = Release|Any CPU
		{F3A6A514-7C1B-485F-9780-E742B2AB00D1}.Release|x86.ActiveCfg = Release|Any CPU
		{F3A6A514-7C1B-485F-9780-E742B2AB00D1}.Release|x86.Build.0 = Release|Any CPU
		{282A8D5E-0F19-4D9F-8797-D2AB23855BBF}.Debug|Any CPU.ActiveCfg = Debug|Any CPU
		{282A8D5E-0F19-4D9F-8797-D2AB23855BBF}.Debug|Any CPU.Build.0 = Debug|Any CPU
		{282A8D5E-0F19-4D9F-8797-D2AB23855BBF}.Debug|x64.ActiveCfg = Debug|Any CPU
		{282A8D5E-0F19-4D9F-8797-D2AB23855BBF}.Debug|x64.Build.0 = Debug|Any CPU
		{282A8D5E-0F19-4D9F-8797-D2AB23855BBF}.Debug|x86.ActiveCfg = Debug|Any CPU
		{282A8D5E-0F19-4D9F-8797-D2AB23855BBF}.Debug|x86.Build.0 = Debug|Any CPU
		{282A8D5E-0F19-4D9F-8797-D2AB23855BBF}.Release|Any CPU.ActiveCfg = Release|Any CPU
		{282A8D5E-0F19-4D9F-8797-D2AB23855BBF}.Release|Any CPU.Build.0 = Release|Any CPU
		{282A8D5E-0F19-4D9F-8797-D2AB23855BBF}.Release|x64.ActiveCfg = Release|Any CPU
		{282A8D5E-0F19-4D9F-8797-D2AB23855BBF}.Release|x64.Build.0 = Release|Any CPU
		{282A8D5E-0F19-4D9F-8797-D2AB23855BBF}.Release|x86.ActiveCfg = Release|Any CPU
		{282A8D5E-0F19-4D9F-8797-D2AB23855BBF}.Release|x86.Build.0 = Release|Any CPU
		{03DE66DA-BA9D-4F78-909E-C27DAD87B1F8}.Debug|Any CPU.ActiveCfg = Debug|Any CPU
		{03DE66DA-BA9D-4F78-909E-C27DAD87B1F8}.Debug|Any CPU.Build.0 = Debug|Any CPU
		{03DE66DA-BA9D-4F78-909E-C27DAD87B1F8}.Debug|x64.ActiveCfg = Debug|Any CPU
		{03DE66DA-BA9D-4F78-909E-C27DAD87B1F8}.Debug|x64.Build.0 = Debug|Any CPU
		{03DE66DA-BA9D-4F78-909E-C27DAD87B1F8}.Debug|x86.ActiveCfg = Debug|Any CPU
		{03DE66DA-BA9D-4F78-909E-C27DAD87B1F8}.Debug|x86.Build.0 = Debug|Any CPU
		{03DE66DA-BA9D-4F78-909E-C27DAD87B1F8}.Release|Any CPU.ActiveCfg = Release|Any CPU
		{03DE66DA-BA9D-4F78-909E-C27DAD87B1F8}.Release|Any CPU.Build.0 = Release|Any CPU
		{03DE66DA-BA9D-4F78-909E-C27DAD87B1F8}.Release|x64.ActiveCfg = Release|Any CPU
		{03DE66DA-BA9D-4F78-909E-C27DAD87B1F8}.Release|x64.Build.0 = Release|Any CPU
		{03DE66DA-BA9D-4F78-909E-C27DAD87B1F8}.Release|x86.ActiveCfg = Release|Any CPU
		{03DE66DA-BA9D-4F78-909E-C27DAD87B1F8}.Release|x86.Build.0 = Release|Any CPU
		{39104A89-B179-4CE8-9315-CA96804070E4}.Debug|Any CPU.ActiveCfg = Debug|Any CPU
		{39104A89-B179-4CE8-9315-CA96804070E4}.Debug|Any CPU.Build.0 = Debug|Any CPU
		{39104A89-B179-4CE8-9315-CA96804070E4}.Debug|x64.ActiveCfg = Debug|Any CPU
		{39104A89-B179-4CE8-9315-CA96804070E4}.Debug|x64.Build.0 = Debug|Any CPU
		{39104A89-B179-4CE8-9315-CA96804070E4}.Debug|x86.ActiveCfg = Debug|Any CPU
		{39104A89-B179-4CE8-9315-CA96804070E4}.Debug|x86.Build.0 = Debug|Any CPU
		{39104A89-B179-4CE8-9315-CA96804070E4}.Release|Any CPU.ActiveCfg = Release|Any CPU
		{39104A89-B179-4CE8-9315-CA96804070E4}.Release|Any CPU.Build.0 = Release|Any CPU
		{39104A89-B179-4CE8-9315-CA96804070E4}.Release|x64.ActiveCfg = Release|Any CPU
		{39104A89-B179-4CE8-9315-CA96804070E4}.Release|x64.Build.0 = Release|Any CPU
		{39104A89-B179-4CE8-9315-CA96804070E4}.Release|x86.ActiveCfg = Release|Any CPU
		{39104A89-B179-4CE8-9315-CA96804070E4}.Release|x86.Build.0 = Release|Any CPU
		{8DC38388-C9D9-4C69-B13D-27A8C85842C6}.Debug|Any CPU.ActiveCfg = Debug|Any CPU
		{8DC38388-C9D9-4C69-B13D-27A8C85842C6}.Debug|Any CPU.Build.0 = Debug|Any CPU
		{8DC38388-C9D9-4C69-B13D-27A8C85842C6}.Debug|x64.ActiveCfg = Debug|Any CPU
		{8DC38388-C9D9-4C69-B13D-27A8C85842C6}.Debug|x64.Build.0 = Debug|Any CPU
		{8DC38388-C9D9-4C69-B13D-27A8C85842C6}.Debug|x86.ActiveCfg = Debug|Any CPU
		{8DC38388-C9D9-4C69-B13D-27A8C85842C6}.Debug|x86.Build.0 = Debug|Any CPU
		{8DC38388-C9D9-4C69-B13D-27A8C85842C6}.Release|Any CPU.ActiveCfg = Release|Any CPU
		{8DC38388-C9D9-4C69-B13D-27A8C85842C6}.Release|Any CPU.Build.0 = Release|Any CPU
		{8DC38388-C9D9-4C69-B13D-27A8C85842C6}.Release|x64.ActiveCfg = Release|Any CPU
		{8DC38388-C9D9-4C69-B13D-27A8C85842C6}.Release|x64.Build.0 = Release|Any CPU
		{8DC38388-C9D9-4C69-B13D-27A8C85842C6}.Release|x86.ActiveCfg = Release|Any CPU
		{8DC38388-C9D9-4C69-B13D-27A8C85842C6}.Release|x86.Build.0 = Release|Any CPU
		{7BD9EFAB-C14B-4937-A4D2-73EE16E5F1F9}.Debug|Any CPU.ActiveCfg = Debug|Any CPU
		{7BD9EFAB-C14B-4937-A4D2-73EE16E5F1F9}.Debug|Any CPU.Build.0 = Debug|Any CPU
		{7BD9EFAB-C14B-4937-A4D2-73EE16E5F1F9}.Debug|x64.ActiveCfg = Debug|Any CPU
		{7BD9EFAB-C14B-4937-A4D2-73EE16E5F1F9}.Debug|x64.Build.0 = Debug|Any CPU
		{7BD9EFAB-C14B-4937-A4D2-73EE16E5F1F9}.Debug|x86.ActiveCfg = Debug|Any CPU
		{7BD9EFAB-C14B-4937-A4D2-73EE16E5F1F9}.Debug|x86.Build.0 = Debug|Any CPU
		{7BD9EFAB-C14B-4937-A4D2-73EE16E5F1F9}.Release|Any CPU.ActiveCfg = Release|Any CPU
		{7BD9EFAB-C14B-4937-A4D2-73EE16E5F1F9}.Release|Any CPU.Build.0 = Release|Any CPU
		{7BD9EFAB-C14B-4937-A4D2-73EE16E5F1F9}.Release|x64.ActiveCfg = Release|Any CPU
		{7BD9EFAB-C14B-4937-A4D2-73EE16E5F1F9}.Release|x64.Build.0 = Release|Any CPU
		{7BD9EFAB-C14B-4937-A4D2-73EE16E5F1F9}.Release|x86.ActiveCfg = Release|Any CPU
		{7BD9EFAB-C14B-4937-A4D2-73EE16E5F1F9}.Release|x86.Build.0 = Release|Any CPU
		{4F511A6A-25C0-435C-B906-1C6713420A5A}.Debug|Any CPU.ActiveCfg = Debug|Any CPU
		{4F511A6A-25C0-435C-B906-1C6713420A5A}.Debug|Any CPU.Build.0 = Debug|Any CPU
		{4F511A6A-25C0-435C-B906-1C6713420A5A}.Debug|x64.ActiveCfg = Debug|Any CPU
		{4F511A6A-25C0-435C-B906-1C6713420A5A}.Debug|x64.Build.0 = Debug|Any CPU
		{4F511A6A-25C0-435C-B906-1C6713420A5A}.Debug|x86.ActiveCfg = Debug|Any CPU
		{4F511A6A-25C0-435C-B906-1C6713420A5A}.Debug|x86.Build.0 = Debug|Any CPU
		{4F511A6A-25C0-435C-B906-1C6713420A5A}.Release|Any CPU.ActiveCfg = Release|Any CPU
		{4F511A6A-25C0-435C-B906-1C6713420A5A}.Release|Any CPU.Build.0 = Release|Any CPU
		{4F511A6A-25C0-435C-B906-1C6713420A5A}.Release|x64.ActiveCfg = Release|Any CPU
		{4F511A6A-25C0-435C-B906-1C6713420A5A}.Release|x64.Build.0 = Release|Any CPU
		{4F511A6A-25C0-435C-B906-1C6713420A5A}.Release|x86.ActiveCfg = Release|Any CPU
		{4F511A6A-25C0-435C-B906-1C6713420A5A}.Release|x86.Build.0 = Release|Any CPU
		{BD83CCC8-33CE-49ED-99AF-316D624AB274}.Debug|Any CPU.ActiveCfg = Debug|Any CPU
		{BD83CCC8-33CE-49ED-99AF-316D624AB274}.Debug|Any CPU.Build.0 = Debug|Any CPU
		{BD83CCC8-33CE-49ED-99AF-316D624AB274}.Debug|x64.ActiveCfg = Debug|Any CPU
		{BD83CCC8-33CE-49ED-99AF-316D624AB274}.Debug|x64.Build.0 = Debug|Any CPU
		{BD83CCC8-33CE-49ED-99AF-316D624AB274}.Debug|x86.ActiveCfg = Debug|Any CPU
		{BD83CCC8-33CE-49ED-99AF-316D624AB274}.Debug|x86.Build.0 = Debug|Any CPU
		{BD83CCC8-33CE-49ED-99AF-316D624AB274}.Release|Any CPU.ActiveCfg = Release|Any CPU
		{BD83CCC8-33CE-49ED-99AF-316D624AB274}.Release|Any CPU.Build.0 = Release|Any CPU
		{BD83CCC8-33CE-49ED-99AF-316D624AB274}.Release|x64.ActiveCfg = Release|Any CPU
		{BD83CCC8-33CE-49ED-99AF-316D624AB274}.Release|x64.Build.0 = Release|Any CPU
		{BD83CCC8-33CE-49ED-99AF-316D624AB274}.Release|x86.ActiveCfg = Release|Any CPU
		{BD83CCC8-33CE-49ED-99AF-316D624AB274}.Release|x86.Build.0 = Release|Any CPU
		{20C9AA07-75E7-4ECE-8117-314180D62894}.Debug|Any CPU.ActiveCfg = Debug|Any CPU
		{20C9AA07-75E7-4ECE-8117-314180D62894}.Debug|Any CPU.Build.0 = Debug|Any CPU
		{20C9AA07-75E7-4ECE-8117-314180D62894}.Debug|x64.ActiveCfg = Debug|Any CPU
		{20C9AA07-75E7-4ECE-8117-314180D62894}.Debug|x64.Build.0 = Debug|Any CPU
		{20C9AA07-75E7-4ECE-8117-314180D62894}.Debug|x86.ActiveCfg = Debug|Any CPU
		{20C9AA07-75E7-4ECE-8117-314180D62894}.Debug|x86.Build.0 = Debug|Any CPU
		{20C9AA07-75E7-4ECE-8117-314180D62894}.Release|Any CPU.ActiveCfg = Release|Any CPU
		{20C9AA07-75E7-4ECE-8117-314180D62894}.Release|Any CPU.Build.0 = Release|Any CPU
		{20C9AA07-75E7-4ECE-8117-314180D62894}.Release|x64.ActiveCfg = Release|Any CPU
		{20C9AA07-75E7-4ECE-8117-314180D62894}.Release|x64.Build.0 = Release|Any CPU
		{20C9AA07-75E7-4ECE-8117-314180D62894}.Release|x86.ActiveCfg = Release|Any CPU
		{20C9AA07-75E7-4ECE-8117-314180D62894}.Release|x86.Build.0 = Release|Any CPU
		{2C04475C-B7AB-4201-A33E-56E3DDE98939}.Debug|Any CPU.ActiveCfg = Debug|Any CPU
		{2C04475C-B7AB-4201-A33E-56E3DDE98939}.Debug|Any CPU.Build.0 = Debug|Any CPU
		{2C04475C-B7AB-4201-A33E-56E3DDE98939}.Debug|x64.ActiveCfg = Debug|Any CPU
		{2C04475C-B7AB-4201-A33E-56E3DDE98939}.Debug|x64.Build.0 = Debug|Any CPU
		{2C04475C-B7AB-4201-A33E-56E3DDE98939}.Debug|x86.ActiveCfg = Debug|Any CPU
		{2C04475C-B7AB-4201-A33E-56E3DDE98939}.Debug|x86.Build.0 = Debug|Any CPU
		{2C04475C-B7AB-4201-A33E-56E3DDE98939}.Release|Any CPU.ActiveCfg = Release|Any CPU
		{2C04475C-B7AB-4201-A33E-56E3DDE98939}.Release|Any CPU.Build.0 = Release|Any CPU
		{2C04475C-B7AB-4201-A33E-56E3DDE98939}.Release|x64.ActiveCfg = Release|Any CPU
		{2C04475C-B7AB-4201-A33E-56E3DDE98939}.Release|x64.Build.0 = Release|Any CPU
		{2C04475C-B7AB-4201-A33E-56E3DDE98939}.Release|x86.ActiveCfg = Release|Any CPU
		{2C04475C-B7AB-4201-A33E-56E3DDE98939}.Release|x86.Build.0 = Release|Any CPU
		{8F86C9D5-1B30-482B-AFC9-C2B276AA5082}.Debug|Any CPU.ActiveCfg = Debug|Any CPU
		{8F86C9D5-1B30-482B-AFC9-C2B276AA5082}.Debug|Any CPU.Build.0 = Debug|Any CPU
		{8F86C9D5-1B30-482B-AFC9-C2B276AA5082}.Debug|x64.ActiveCfg = Debug|Any CPU
		{8F86C9D5-1B30-482B-AFC9-C2B276AA5082}.Debug|x64.Build.0 = Debug|Any CPU
		{8F86C9D5-1B30-482B-AFC9-C2B276AA5082}.Debug|x86.ActiveCfg = Debug|Any CPU
		{8F86C9D5-1B30-482B-AFC9-C2B276AA5082}.Debug|x86.Build.0 = Debug|Any CPU
		{8F86C9D5-1B30-482B-AFC9-C2B276AA5082}.Release|Any CPU.ActiveCfg = Release|Any CPU
		{8F86C9D5-1B30-482B-AFC9-C2B276AA5082}.Release|Any CPU.Build.0 = Release|Any CPU
		{8F86C9D5-1B30-482B-AFC9-C2B276AA5082}.Release|x64.ActiveCfg = Release|Any CPU
		{8F86C9D5-1B30-482B-AFC9-C2B276AA5082}.Release|x64.Build.0 = Release|Any CPU
		{8F86C9D5-1B30-482B-AFC9-C2B276AA5082}.Release|x86.ActiveCfg = Release|Any CPU
		{8F86C9D5-1B30-482B-AFC9-C2B276AA5082}.Release|x86.Build.0 = Release|Any CPU
		{5FBE52D7-D4C8-4A8E-A970-7EBA780AB3FF}.Debug|Any CPU.ActiveCfg = Debug|Any CPU
		{5FBE52D7-D4C8-4A8E-A970-7EBA780AB3FF}.Debug|Any CPU.Build.0 = Debug|Any CPU
		{5FBE52D7-D4C8-4A8E-A970-7EBA780AB3FF}.Debug|x64.ActiveCfg = Debug|Any CPU
		{5FBE52D7-D4C8-4A8E-A970-7EBA780AB3FF}.Debug|x64.Build.0 = Debug|Any CPU
		{5FBE52D7-D4C8-4A8E-A970-7EBA780AB3FF}.Debug|x86.ActiveCfg = Debug|Any CPU
		{5FBE52D7-D4C8-4A8E-A970-7EBA780AB3FF}.Debug|x86.Build.0 = Debug|Any CPU
		{5FBE52D7-D4C8-4A8E-A970-7EBA780AB3FF}.Release|Any CPU.ActiveCfg = Release|Any CPU
		{5FBE52D7-D4C8-4A8E-A970-7EBA780AB3FF}.Release|Any CPU.Build.0 = Release|Any CPU
		{5FBE52D7-D4C8-4A8E-A970-7EBA780AB3FF}.Release|x64.ActiveCfg = Release|Any CPU
		{5FBE52D7-D4C8-4A8E-A970-7EBA780AB3FF}.Release|x64.Build.0 = Release|Any CPU
		{5FBE52D7-D4C8-4A8E-A970-7EBA780AB3FF}.Release|x86.ActiveCfg = Release|Any CPU
		{5FBE52D7-D4C8-4A8E-A970-7EBA780AB3FF}.Release|x86.Build.0 = Release|Any CPU
		{C569C6B9-85F8-4B69-A68F-614DDDB09075}.Debug|Any CPU.ActiveCfg = Debug|Any CPU
		{C569C6B9-85F8-4B69-A68F-614DDDB09075}.Debug|Any CPU.Build.0 = Debug|Any CPU
		{C569C6B9-85F8-4B69-A68F-614DDDB09075}.Debug|x64.ActiveCfg = Debug|Any CPU
		{C569C6B9-85F8-4B69-A68F-614DDDB09075}.Debug|x64.Build.0 = Debug|Any CPU
		{C569C6B9-85F8-4B69-A68F-614DDDB09075}.Debug|x86.ActiveCfg = Debug|Any CPU
		{C569C6B9-85F8-4B69-A68F-614DDDB09075}.Debug|x86.Build.0 = Debug|Any CPU
		{C569C6B9-85F8-4B69-A68F-614DDDB09075}.Release|Any CPU.ActiveCfg = Release|Any CPU
		{C569C6B9-85F8-4B69-A68F-614DDDB09075}.Release|Any CPU.Build.0 = Release|Any CPU
		{C569C6B9-85F8-4B69-A68F-614DDDB09075}.Release|x64.ActiveCfg = Release|Any CPU
		{C569C6B9-85F8-4B69-A68F-614DDDB09075}.Release|x64.Build.0 = Release|Any CPU
		{C569C6B9-85F8-4B69-A68F-614DDDB09075}.Release|x86.ActiveCfg = Release|Any CPU
		{C569C6B9-85F8-4B69-A68F-614DDDB09075}.Release|x86.Build.0 = Release|Any CPU
		{75CDB017-CDA6-4F43-8086-007A76D0644E}.Debug|Any CPU.ActiveCfg = Debug|Any CPU
		{75CDB017-CDA6-4F43-8086-007A76D0644E}.Debug|Any CPU.Build.0 = Debug|Any CPU
		{75CDB017-CDA6-4F43-8086-007A76D0644E}.Debug|x64.ActiveCfg = Debug|Any CPU
		{75CDB017-CDA6-4F43-8086-007A76D0644E}.Debug|x64.Build.0 = Debug|Any CPU
		{75CDB017-CDA6-4F43-8086-007A76D0644E}.Debug|x86.ActiveCfg = Debug|Any CPU
		{75CDB017-CDA6-4F43-8086-007A76D0644E}.Debug|x86.Build.0 = Debug|Any CPU
		{75CDB017-CDA6-4F43-8086-007A76D0644E}.Release|Any CPU.ActiveCfg = Release|Any CPU
		{75CDB017-CDA6-4F43-8086-007A76D0644E}.Release|Any CPU.Build.0 = Release|Any CPU
		{75CDB017-CDA6-4F43-8086-007A76D0644E}.Release|x64.ActiveCfg = Release|Any CPU
		{75CDB017-CDA6-4F43-8086-007A76D0644E}.Release|x64.Build.0 = Release|Any CPU
		{75CDB017-CDA6-4F43-8086-007A76D0644E}.Release|x86.ActiveCfg = Release|Any CPU
		{75CDB017-CDA6-4F43-8086-007A76D0644E}.Release|x86.Build.0 = Release|Any CPU
		{BEC9A931-0A80-43D2-997C-751F75A6BA16}.Debug|Any CPU.ActiveCfg = Debug|Any CPU
		{BEC9A931-0A80-43D2-997C-751F75A6BA16}.Debug|Any CPU.Build.0 = Debug|Any CPU
		{BEC9A931-0A80-43D2-997C-751F75A6BA16}.Debug|x64.ActiveCfg = Debug|Any CPU
		{BEC9A931-0A80-43D2-997C-751F75A6BA16}.Debug|x64.Build.0 = Debug|Any CPU
		{BEC9A931-0A80-43D2-997C-751F75A6BA16}.Debug|x86.ActiveCfg = Debug|Any CPU
		{BEC9A931-0A80-43D2-997C-751F75A6BA16}.Debug|x86.Build.0 = Debug|Any CPU
		{BEC9A931-0A80-43D2-997C-751F75A6BA16}.Release|Any CPU.ActiveCfg = Release|Any CPU
		{BEC9A931-0A80-43D2-997C-751F75A6BA16}.Release|Any CPU.Build.0 = Release|Any CPU
		{BEC9A931-0A80-43D2-997C-751F75A6BA16}.Release|x64.ActiveCfg = Release|Any CPU
		{BEC9A931-0A80-43D2-997C-751F75A6BA16}.Release|x64.Build.0 = Release|Any CPU
		{BEC9A931-0A80-43D2-997C-751F75A6BA16}.Release|x86.ActiveCfg = Release|Any CPU
		{BEC9A931-0A80-43D2-997C-751F75A6BA16}.Release|x86.Build.0 = Release|Any CPU
		{9FEBAC1E-E28F-46EE-A078-B5ADD31CEB9E}.Debug|Any CPU.ActiveCfg = Debug|Any CPU
		{9FEBAC1E-E28F-46EE-A078-B5ADD31CEB9E}.Debug|Any CPU.Build.0 = Debug|Any CPU
		{9FEBAC1E-E28F-46EE-A078-B5ADD31CEB9E}.Debug|x64.ActiveCfg = Debug|Any CPU
		{9FEBAC1E-E28F-46EE-A078-B5ADD31CEB9E}.Debug|x64.Build.0 = Debug|Any CPU
		{9FEBAC1E-E28F-46EE-A078-B5ADD31CEB9E}.Debug|x86.ActiveCfg = Debug|Any CPU
		{9FEBAC1E-E28F-46EE-A078-B5ADD31CEB9E}.Debug|x86.Build.0 = Debug|Any CPU
		{9FEBAC1E-E28F-46EE-A078-B5ADD31CEB9E}.Release|Any CPU.ActiveCfg = Release|Any CPU
		{9FEBAC1E-E28F-46EE-A078-B5ADD31CEB9E}.Release|Any CPU.Build.0 = Release|Any CPU
		{9FEBAC1E-E28F-46EE-A078-B5ADD31CEB9E}.Release|x64.ActiveCfg = Release|Any CPU
		{9FEBAC1E-E28F-46EE-A078-B5ADD31CEB9E}.Release|x64.Build.0 = Release|Any CPU
		{9FEBAC1E-E28F-46EE-A078-B5ADD31CEB9E}.Release|x86.ActiveCfg = Release|Any CPU
		{9FEBAC1E-E28F-46EE-A078-B5ADD31CEB9E}.Release|x86.Build.0 = Release|Any CPU
		{8F7A2D6D-7C9B-445A-98EF-B0AD28AA1986}.Debug|Any CPU.ActiveCfg = Debug|Any CPU
		{8F7A2D6D-7C9B-445A-98EF-B0AD28AA1986}.Debug|Any CPU.Build.0 = Debug|Any CPU
		{8F7A2D6D-7C9B-445A-98EF-B0AD28AA1986}.Debug|x64.ActiveCfg = Debug|Any CPU
		{8F7A2D6D-7C9B-445A-98EF-B0AD28AA1986}.Debug|x64.Build.0 = Debug|Any CPU
		{8F7A2D6D-7C9B-445A-98EF-B0AD28AA1986}.Debug|x86.ActiveCfg = Debug|Any CPU
		{8F7A2D6D-7C9B-445A-98EF-B0AD28AA1986}.Debug|x86.Build.0 = Debug|Any CPU
		{8F7A2D6D-7C9B-445A-98EF-B0AD28AA1986}.Release|Any CPU.ActiveCfg = Release|Any CPU
		{8F7A2D6D-7C9B-445A-98EF-B0AD28AA1986}.Release|Any CPU.Build.0 = Release|Any CPU
		{8F7A2D6D-7C9B-445A-98EF-B0AD28AA1986}.Release|x64.ActiveCfg = Release|Any CPU
		{8F7A2D6D-7C9B-445A-98EF-B0AD28AA1986}.Release|x64.Build.0 = Release|Any CPU
		{8F7A2D6D-7C9B-445A-98EF-B0AD28AA1986}.Release|x86.ActiveCfg = Release|Any CPU
		{8F7A2D6D-7C9B-445A-98EF-B0AD28AA1986}.Release|x86.Build.0 = Release|Any CPU
		{40DED0B1-34F0-4254-8BEA-08A8DA261711}.Debug|Any CPU.ActiveCfg = Debug|Any CPU
		{40DED0B1-34F0-4254-8BEA-08A8DA261711}.Debug|Any CPU.Build.0 = Debug|Any CPU
		{40DED0B1-34F0-4254-8BEA-08A8DA261711}.Debug|x64.ActiveCfg = Debug|Any CPU
		{40DED0B1-34F0-4254-8BEA-08A8DA261711}.Debug|x64.Build.0 = Debug|Any CPU
		{40DED0B1-34F0-4254-8BEA-08A8DA261711}.Debug|x86.ActiveCfg = Debug|Any CPU
		{40DED0B1-34F0-4254-8BEA-08A8DA261711}.Debug|x86.Build.0 = Debug|Any CPU
		{40DED0B1-34F0-4254-8BEA-08A8DA261711}.Release|Any CPU.ActiveCfg = Release|Any CPU
		{40DED0B1-34F0-4254-8BEA-08A8DA261711}.Release|Any CPU.Build.0 = Release|Any CPU
		{40DED0B1-34F0-4254-8BEA-08A8DA261711}.Release|x64.ActiveCfg = Release|Any CPU
		{40DED0B1-34F0-4254-8BEA-08A8DA261711}.Release|x64.Build.0 = Release|Any CPU
		{40DED0B1-34F0-4254-8BEA-08A8DA261711}.Release|x86.ActiveCfg = Release|Any CPU
		{40DED0B1-34F0-4254-8BEA-08A8DA261711}.Release|x86.Build.0 = Release|Any CPU
		{DE41C45E-6C7C-480C-8696-95F2F781B1F3}.Debug|Any CPU.ActiveCfg = Debug|Any CPU
		{DE41C45E-6C7C-480C-8696-95F2F781B1F3}.Debug|Any CPU.Build.0 = Debug|Any CPU
		{DE41C45E-6C7C-480C-8696-95F2F781B1F3}.Debug|x64.ActiveCfg = Debug|Any CPU
		{DE41C45E-6C7C-480C-8696-95F2F781B1F3}.Debug|x64.Build.0 = Debug|Any CPU
		{DE41C45E-6C7C-480C-8696-95F2F781B1F3}.Debug|x86.ActiveCfg = Debug|Any CPU
		{DE41C45E-6C7C-480C-8696-95F2F781B1F3}.Debug|x86.Build.0 = Debug|Any CPU
		{DE41C45E-6C7C-480C-8696-95F2F781B1F3}.Release|Any CPU.ActiveCfg = Release|Any CPU
		{DE41C45E-6C7C-480C-8696-95F2F781B1F3}.Release|Any CPU.Build.0 = Release|Any CPU
		{DE41C45E-6C7C-480C-8696-95F2F781B1F3}.Release|x64.ActiveCfg = Release|Any CPU
		{DE41C45E-6C7C-480C-8696-95F2F781B1F3}.Release|x64.Build.0 = Release|Any CPU
		{DE41C45E-6C7C-480C-8696-95F2F781B1F3}.Release|x86.ActiveCfg = Release|Any CPU
		{DE41C45E-6C7C-480C-8696-95F2F781B1F3}.Release|x86.Build.0 = Release|Any CPU
		{A49AAA9E-C7D3-45CB-B22B-2539F047912E}.Debug|Any CPU.ActiveCfg = Debug|Any CPU
		{A49AAA9E-C7D3-45CB-B22B-2539F047912E}.Debug|Any CPU.Build.0 = Debug|Any CPU
		{A49AAA9E-C7D3-45CB-B22B-2539F047912E}.Debug|x64.ActiveCfg = Debug|Any CPU
		{A49AAA9E-C7D3-45CB-B22B-2539F047912E}.Debug|x64.Build.0 = Debug|Any CPU
		{A49AAA9E-C7D3-45CB-B22B-2539F047912E}.Debug|x86.ActiveCfg = Debug|Any CPU
		{A49AAA9E-C7D3-45CB-B22B-2539F047912E}.Debug|x86.Build.0 = Debug|Any CPU
		{A49AAA9E-C7D3-45CB-B22B-2539F047912E}.Release|Any CPU.ActiveCfg = Release|Any CPU
		{A49AAA9E-C7D3-45CB-B22B-2539F047912E}.Release|Any CPU.Build.0 = Release|Any CPU
		{A49AAA9E-C7D3-45CB-B22B-2539F047912E}.Release|x64.ActiveCfg = Release|Any CPU
		{A49AAA9E-C7D3-45CB-B22B-2539F047912E}.Release|x64.Build.0 = Release|Any CPU
		{A49AAA9E-C7D3-45CB-B22B-2539F047912E}.Release|x86.ActiveCfg = Release|Any CPU
		{A49AAA9E-C7D3-45CB-B22B-2539F047912E}.Release|x86.Build.0 = Release|Any CPU
		{3246F1BC-A1AF-4418-BA2E-4F9204F87B61}.Debug|Any CPU.ActiveCfg = Debug|Any CPU
		{3246F1BC-A1AF-4418-BA2E-4F9204F87B61}.Debug|Any CPU.Build.0 = Debug|Any CPU
		{3246F1BC-A1AF-4418-BA2E-4F9204F87B61}.Debug|x64.ActiveCfg = Debug|Any CPU
		{3246F1BC-A1AF-4418-BA2E-4F9204F87B61}.Debug|x64.Build.0 = Debug|Any CPU
		{3246F1BC-A1AF-4418-BA2E-4F9204F87B61}.Debug|x86.ActiveCfg = Debug|Any CPU
		{3246F1BC-A1AF-4418-BA2E-4F9204F87B61}.Debug|x86.Build.0 = Debug|Any CPU
		{3246F1BC-A1AF-4418-BA2E-4F9204F87B61}.Release|Any CPU.ActiveCfg = Release|Any CPU
		{3246F1BC-A1AF-4418-BA2E-4F9204F87B61}.Release|Any CPU.Build.0 = Release|Any CPU
		{3246F1BC-A1AF-4418-BA2E-4F9204F87B61}.Release|x64.ActiveCfg = Release|Any CPU
		{3246F1BC-A1AF-4418-BA2E-4F9204F87B61}.Release|x64.Build.0 = Release|Any CPU
		{3246F1BC-A1AF-4418-BA2E-4F9204F87B61}.Release|x86.ActiveCfg = Release|Any CPU
		{3246F1BC-A1AF-4418-BA2E-4F9204F87B61}.Release|x86.Build.0 = Release|Any CPU
		{E2279918-7A4F-4235-BF85-D46CA8BF69FE}.Debug|Any CPU.ActiveCfg = Debug|Any CPU
		{E2279918-7A4F-4235-BF85-D46CA8BF69FE}.Debug|Any CPU.Build.0 = Debug|Any CPU
		{E2279918-7A4F-4235-BF85-D46CA8BF69FE}.Debug|x64.ActiveCfg = Debug|Any CPU
		{E2279918-7A4F-4235-BF85-D46CA8BF69FE}.Debug|x64.Build.0 = Debug|Any CPU
		{E2279918-7A4F-4235-BF85-D46CA8BF69FE}.Debug|x86.ActiveCfg = Debug|Any CPU
		{E2279918-7A4F-4235-BF85-D46CA8BF69FE}.Debug|x86.Build.0 = Debug|Any CPU
		{E2279918-7A4F-4235-BF85-D46CA8BF69FE}.Release|Any CPU.ActiveCfg = Release|Any CPU
		{E2279918-7A4F-4235-BF85-D46CA8BF69FE}.Release|Any CPU.Build.0 = Release|Any CPU
		{E2279918-7A4F-4235-BF85-D46CA8BF69FE}.Release|x64.ActiveCfg = Release|Any CPU
		{E2279918-7A4F-4235-BF85-D46CA8BF69FE}.Release|x64.Build.0 = Release|Any CPU
		{E2279918-7A4F-4235-BF85-D46CA8BF69FE}.Release|x86.ActiveCfg = Release|Any CPU
		{E2279918-7A4F-4235-BF85-D46CA8BF69FE}.Release|x86.Build.0 = Release|Any CPU
	EndGlobalSection
	GlobalSection(SolutionProperties) = preSolution
		HideSolutionNode = FALSE
	EndGlobalSection
	GlobalSection(NestedProjects) = preSolution
		{42299874-777B-F2D0-9D08-D24097ABCE7E} = {827E0CD3-B72D-47B6-A68D-7590B98EB39B}
		{EC447DCF-ABFA-6E24-52A5-D7FD48A5C558} = {827E0CD3-B72D-47B6-A68D-7590B98EB39B}
		{D2F8383C-F49B-E551-32D9-8814458A6CFF} = {EC447DCF-ABFA-6E24-52A5-D7FD48A5C558}
		{BCDA211B-1EB6-911B-FB88-A55575FFBD93} = {D2F8383C-F49B-E551-32D9-8814458A6CFF}
		{402524CE-D33E-4F76-8E3E-C820A32F1698} = {BCDA211B-1EB6-911B-FB88-A55575FFBD93}
		{E22F3C78-CC15-7E18-C01D-077D2ACA8AF8} = {D2F8383C-F49B-E551-32D9-8814458A6CFF}
		{A1511281-F292-4738-82FA-5E5D9C3C7BA1} = {E22F3C78-CC15-7E18-C01D-077D2ACA8AF8}
		{FB716D20-44F9-6E43-0515-728C4493BF8D} = {D2F8383C-F49B-E551-32D9-8814458A6CFF}
		{007D61DD-5155-49B0-A456-6A6B416CDFF7} = {FB716D20-44F9-6E43-0515-728C4493BF8D}
		{B710EC67-84B6-307B-E7D2-A4B492D030D2} = {D2F8383C-F49B-E551-32D9-8814458A6CFF}
		{F5D51DA8-7DBB-424B-99E6-1D07AC0393C0} = {B710EC67-84B6-307B-E7D2-A4B492D030D2}
		{C3325F5A-FDB2-2579-C869-89BB35F2A189} = {EC447DCF-ABFA-6E24-52A5-D7FD48A5C558}
		{0D0CED44-DF1A-13A8-2AE0-7D8B7A963052} = {C3325F5A-FDB2-2579-C869-89BB35F2A189}
		{5BEE2221-7E35-4E01-8589-DBC7B0825891} = {0D0CED44-DF1A-13A8-2AE0-7D8B7A963052}
		{1F1DBFE8-89F0-F972-BB1F-48960B076D02} = {C3325F5A-FDB2-2579-C869-89BB35F2A189}
		{CB28C828-2D25-4D62-840A-63598B846E20} = {1F1DBFE8-89F0-F972-BB1F-48960B076D02}
		{B95D4163-48DB-7C75-43BB-BCA873009519} = {C3325F5A-FDB2-2579-C869-89BB35F2A189}
		{4F3051C6-5720-45E9-9A26-754E680DC6A2} = {B95D4163-48DB-7C75-43BB-BCA873009519}
		{E6702FF8-12E1-F1A9-69AC-001133D62591} = {C3325F5A-FDB2-2579-C869-89BB35F2A189}
		{761FC39F-ECA4-428A-A7E7-BD61053FC9A1} = {E6702FF8-12E1-F1A9-69AC-001133D62591}
		{0EC62A1A-9858-3A60-8A0C-FC9AACFA2EC7} = {EC447DCF-ABFA-6E24-52A5-D7FD48A5C558}
		{4D5DCD5F-56A9-CDDD-B2B1-3C00DD2DF930} = {0EC62A1A-9858-3A60-8A0C-FC9AACFA2EC7}
		{47F0E001-EF03-4634-8373-46FCEB3588B4} = {4D5DCD5F-56A9-CDDD-B2B1-3C00DD2DF930}
		{0DE85A42-5AB0-179C-733E-58510D3B8784} = {0EC62A1A-9858-3A60-8A0C-FC9AACFA2EC7}
		{A45C74F1-01FD-426A-94F6-D649135820D4} = {0DE85A42-5AB0-179C-733E-58510D3B8784}
		{4780257D-0BA4-5E80-C62C-815EC08EBD56} = {0EC62A1A-9858-3A60-8A0C-FC9AACFA2EC7}
		{E74E8141-00D5-44B9-B6C1-87B2A3DF5A19} = {4780257D-0BA4-5E80-C62C-815EC08EBD56}
		{72D4D0F4-6E83-931B-2493-A2C773F0B32E} = {0EC62A1A-9858-3A60-8A0C-FC9AACFA2EC7}
		{F3A6A514-7C1B-485F-9780-E742B2AB00D1} = {72D4D0F4-6E83-931B-2493-A2C773F0B32E}
		{3DBD109F-24A3-6C71-0977-DDB242D99828} = {EC447DCF-ABFA-6E24-52A5-D7FD48A5C558}
		{CA962239-9CF5-BCCD-A234-1B75EB07B62A} = {3DBD109F-24A3-6C71-0977-DDB242D99828}
		{282A8D5E-0F19-4D9F-8797-D2AB23855BBF} = {CA962239-9CF5-BCCD-A234-1B75EB07B62A}
		{5DB10976-DE23-49AE-4970-20FDF62976C4} = {3DBD109F-24A3-6C71-0977-DDB242D99828}
		{03DE66DA-BA9D-4F78-909E-C27DAD87B1F8} = {5DB10976-DE23-49AE-4970-20FDF62976C4}
		{0DB5CAFA-9E96-9AB3-FB04-8B46F48DD005} = {3DBD109F-24A3-6C71-0977-DDB242D99828}
		{39104A89-B179-4CE8-9315-CA96804070E4} = {0DB5CAFA-9E96-9AB3-FB04-8B46F48DD005}
		{69DF92C0-C565-10EB-B844-300AACC8F5F0} = {3DBD109F-24A3-6C71-0977-DDB242D99828}
		{8DC38388-C9D9-4C69-B13D-27A8C85842C6} = {69DF92C0-C565-10EB-B844-300AACC8F5F0}
		{486050DE-C6A4-B1E8-2B12-E91E5BE99E3F} = {EC447DCF-ABFA-6E24-52A5-D7FD48A5C558}
		{0483F668-C073-C1F4-BE6E-FDEBE354F274} = {486050DE-C6A4-B1E8-2B12-E91E5BE99E3F}
		{7BD9EFAB-C14B-4937-A4D2-73EE16E5F1F9} = {0483F668-C073-C1F4-BE6E-FDEBE354F274}
		{8DEC5963-CE2B-A7C9-BB65-BB3D8C6A7275} = {486050DE-C6A4-B1E8-2B12-E91E5BE99E3F}
		{4F511A6A-25C0-435C-B906-1C6713420A5A} = {8DEC5963-CE2B-A7C9-BB65-BB3D8C6A7275}
		{916D2499-3562-0327-EA3C-426E025D72E1} = {486050DE-C6A4-B1E8-2B12-E91E5BE99E3F}
		{BD83CCC8-33CE-49ED-99AF-316D624AB274} = {916D2499-3562-0327-EA3C-426E025D72E1}
		{F50370A3-A47A-DC98-C13E-D5E80D3AB44A} = {486050DE-C6A4-B1E8-2B12-E91E5BE99E3F}
		{20C9AA07-75E7-4ECE-8117-314180D62894} = {F50370A3-A47A-DC98-C13E-D5E80D3AB44A}
		{ABB153F5-497E-25E7-E918-29ED4C71B6E5} = {EC447DCF-ABFA-6E24-52A5-D7FD48A5C558}
		{1E0BB5E0-55B2-37CC-B3F1-B86FCD74736F} = {ABB153F5-497E-25E7-E918-29ED4C71B6E5}
		{2C04475C-B7AB-4201-A33E-56E3DDE98939} = {1E0BB5E0-55B2-37CC-B3F1-B86FCD74736F}
		{31F1C2B0-DE92-D6F4-927B-C2B0CA5DEECB} = {ABB153F5-497E-25E7-E918-29ED4C71B6E5}
		{8F86C9D5-1B30-482B-AFC9-C2B276AA5082} = {31F1C2B0-DE92-D6F4-927B-C2B0CA5DEECB}
		{6AAB849D-F7AD-FA16-9036-27D44EDBE9DC} = {ABB153F5-497E-25E7-E918-29ED4C71B6E5}
		{5FBE52D7-D4C8-4A8E-A970-7EBA780AB3FF} = {6AAB849D-F7AD-FA16-9036-27D44EDBE9DC}
		{3601E25E-9ECC-2A8D-20F3-657565EE1A6D} = {ABB153F5-497E-25E7-E918-29ED4C71B6E5}
		{C569C6B9-85F8-4B69-A68F-614DDDB09075} = {3601E25E-9ECC-2A8D-20F3-657565EE1A6D}
		{8D626EA8-CB54-BC41-363A-217881BEBA6E} = {827E0CD3-B72D-47B6-A68D-7590B98EB39B}
		{75CDB017-CDA6-4F43-8086-007A76D0644E} = {8D626EA8-CB54-BC41-363A-217881BEBA6E}
		{C8E42992-5E42-0C2B-DBFE-AA848D06431C} = {827E0CD3-B72D-47B6-A68D-7590B98EB39B}
		{BEC9A931-0A80-43D2-997C-751F75A6BA16} = {C8E42992-5E42-0C2B-DBFE-AA848D06431C}
		{B294B95A-4BF7-AB1D-38FE-489BDDF5E5AC} = {0AB3BF05-4346-4AA6-1389-037BE0695223}
		{9FEBAC1E-E28F-46EE-A078-B5ADD31CEB9E} = {B294B95A-4BF7-AB1D-38FE-489BDDF5E5AC}
		{214906A8-E800-C2F0-10CE-69164ED69D39} = {0AB3BF05-4346-4AA6-1389-037BE0695223}
		{8F7A2D6D-7C9B-445A-98EF-B0AD28AA1986} = {214906A8-E800-C2F0-10CE-69164ED69D39}
		{986B063D-7775-A42A-2E5B-090CD02AB8EA} = {0AB3BF05-4346-4AA6-1389-037BE0695223}
		{40DED0B1-34F0-4254-8BEA-08A8DA261711} = {986B063D-7775-A42A-2E5B-090CD02AB8EA}
		{DE41C45E-6C7C-480C-8696-95F2F781B1F3} = {42299874-777B-F2D0-9D08-D24097ABCE7E}
		{A49AAA9E-C7D3-45CB-B22B-2539F047912E} = {42299874-777B-F2D0-9D08-D24097ABCE7E}
		{3246F1BC-A1AF-4418-BA2E-4F9204F87B61} = {42299874-777B-F2D0-9D08-D24097ABCE7E}
		{E2279918-7A4F-4235-BF85-D46CA8BF69FE} = {42299874-777B-F2D0-9D08-D24097ABCE7E}
	EndGlobalSection
	GlobalSection(ExtensibilityGlobals) = postSolution
		SolutionGuid = {D9AD84A6-72E7-443B-8448-0D22B621C09D}
	EndGlobalSection
EndGlobal
